
Microsoft Visual Studio Solution File, Format Version 12.00
# Visual Studio Version 17
VisualStudioVersion = 17.3.32811.315
MinimumVisualStudioVersion = 10.0.40219.1
Project("{9A19103F-16F7-4668-BE54-9A1E7A4F7556}") = "SistemaDeCadenasAlimenticias.Web", "SistemaDeCadenasAlimenticias.Web\SistemaDeCadenasAlimenticias.Web.csproj", "{6766EDD5-55BB-478F-A215-E9E1B389E9D4}"
EndProject
Project("{FAE04EC0-301F-11D3-BF4B-00C04F79EFBC}") = "SistemaDeCadenasAlimenticias.Data", "SistemaDeCadenasAlimenticias.Data\SistemaDeCadenasAlimenticias.Data.csproj", "{AD51A187-30BC-4B1A-883F-A87DAE98353B}"
EndProject
Project("{FAE04EC0-301F-11D3-BF4B-00C04F79EFBC}") = "SistemaDeCadenasAlimenticias.Logica", "SistemaDeCadenasAlimenticias.Logica\SistemaDeCadenasAlimenticias.Logica.csproj", "{4232C094-FB96-4D65-9E1C-5307915B9B6E}"
EndProject
Global
	GlobalSection(SolutionConfigurationPlatforms) = preSolution
		Debug|Any CPU = Debug|Any CPU
		Release|Any CPU = Release|Any CPU
	EndGlobalSection
	GlobalSection(ProjectConfigurationPlatforms) = postSolution
		{6766EDD5-55BB-478F-A215-E9E1B389E9D4}.Debug|Any CPU.ActiveCfg = Debug|Any CPU
		{6766EDD5-55BB-478F-A215-E9E1B389E9D4}.Debug|Any CPU.Build.0 = Debug|Any CPU
		{6766EDD5-55BB-478F-A215-E9E1B389E9D4}.Release|Any CPU.ActiveCfg = Release|Any CPU
		{6766EDD5-55BB-478F-A215-E9E1B389E9D4}.Release|Any CPU.Build.0 = Release|Any CPU
		{AD51A187-30BC-4B1A-883F-A87DAE98353B}.Debug|Any CPU.ActiveCfg = Debug|Any CPU
		{AD51A187-30BC-4B1A-883F-A87DAE98353B}.Debug|Any CPU.Build.0 = Debug|Any CPU
		{AD51A187-30BC-4B1A-883F-A87DAE98353B}.Release|Any CPU.ActiveCfg = Release|Any CPU
		{AD51A187-30BC-4B1A-883F-A87DAE98353B}.Release|Any CPU.Build.0 = Release|Any CPU
		{4232C094-FB96-4D65-9E1C-5307915B9B6E}.Debug|Any CPU.ActiveCfg = Debug|Any CPU
		{4232C094-FB96-4D65-9E1C-5307915B9B6E}.Debug|Any CPU.Build.0 = Debug|Any CPU
		{4232C094-FB96-4D65-9E1C-5307915B9B6E}.Release|Any CPU.ActiveCfg = Release|Any CPU
		{4232C094-FB96-4D65-9E1C-5307915B9B6E}.Release|Any CPU.Build.0 = Release|Any CPU
	EndGlobalSection
	GlobalSection(SolutionProperties) = preSolution
		HideSolutionNode = FALSE
	EndGlobalSection
	GlobalSection(ExtensibilityGlobals) = postSolution
		SolutionGuid = {2B645AFE-AFD2-42AB-8CA3-9A0F430CD9C4}
	EndGlobalSection
EndGlobal
